
Microsoft Visual Studio Solution File, Format Version 12.00
# Visual Studio Version 17
VisualStudioVersion = 17.7.34024.191
MinimumVisualStudioVersion = 10.0.40219.1
Project("{FAE04EC0-301F-11D3-BF4B-00C04F79EFBC}") = "BookCafe", "BookCafe\BookCafe.csproj", "{A53F6BBC-D094-4DA5-922E-7F14DB623553}"
EndProject
Global
	GlobalSection(SolutionConfigurationPlatforms) = preSolution
		Debug|Any CPU = Debug|Any CPU
		Release|Any CPU = Release|Any CPU
	EndGlobalSection
	GlobalSection(ProjectConfigurationPlatforms) = postSolution
		{A53F6BBC-D094-4DA5-922E-7F14DB623553}.Debug|Any CPU.ActiveCfg = Debug|Any CPU
		{A53F6BBC-D094-4DA5-922E-7F14DB623553}.Debug|Any CPU.Build.0 = Debug|Any CPU
		{A53F6BBC-D094-4DA5-922E-7F14DB623553}.Release|Any CPU.ActiveCfg = Release|Any CPU
		{A53F6BBC-D094-4DA5-922E-7F14DB623553}.Release|Any CPU.Build.0 = Release|Any CPU
	EndGlobalSection
	GlobalSection(SolutionProperties) = preSolution
		HideSolutionNode = FALSE
	EndGlobalSection
	GlobalSection(ExtensibilityGlobals) = postSolution
		SolutionGuid = {3A45164E-7647-4119-9961-577D98913675}
	EndGlobalSection
EndGlobal
